# This file was autogenerated by Stack.
# You should not edit this file by hand.
# For more information, please see the documentation at:
#   https://docs.haskellstack.org/en/stable/lock_files

packages:
- completed:
    hackage: ConfigFile-1.1.4@sha256:ca56261e1deae6ef958a337b03812987bfd94ab37b047e27f262bc3137813165,2056
    pantry-tree:
      size: 1016
      sha256: 58c2dbae1878d8f5bcac2848712ccfe90391bb1e6b719f43d044ead6c496f748
  original:
    hackage: ConfigFile-1.1.4@sha256:ca56261e1deae6ef958a337b03812987bfd94ab37b047e27f262bc3137813165,2056
- completed:
    hackage: hafar-0.1.0.0@sha256:da2544f521b60c53fea67e6d056f4e80bbf07e0a2d5e8a36fbd278d90b4ebad5,1716
    pantry-tree:
      size: 596
      sha256: 58807fa5de235355e2c49f3973151a86817c95b1928bb03640c952390fe14216
  original:
    hackage: hafar-0.1.0.0@sha256:da2544f521b60c53fea67e6d056f4e80bbf07e0a2d5e8a36fbd278d90b4ebad5,1716
- completed:
    hackage: intervals-0.9.1@sha256:9b616d3102b0d48e897387cb24b5a9d17d60f3a270ced8fcf1b96e6962d1d52d,2765
    pantry-tree:
      size: 918
      sha256: 7f901ba3f4018025aa338ba5bb15dbb0c8eebad3116a8a4318f085e21b4c61d3
  original:
    hackage: intervals-0.9.1@sha256:9b616d3102b0d48e897387cb24b5a9d17d60f3a270ced8fcf1b96e6962d1d52d,2765
snapshots:
- completed:
    size: 524164
    url: https://raw.githubusercontent.com/commercialhaskell/stackage-snapshots/master/lts/14/22.yaml
    sha256: 7ad8f33179b32d204165a3a662c6269464a47a7e65a30abc38d01b5a38ec42c0
  original: lts-14.22
